// !$*UTF8*$!
{
	archiveVersion = 1;
	classes = {
	};
	objectVersion = 50;
	objects = {

/* Begin PBXBuildFile section */
		A792487D1D6A9E11412A5156 /* Pods_smartwos_appTests.framework in Frameworks */ = {isa = PBXBuildFile; fileRef = B0DC4E29A0F315784A76AE10 /* Pods_smartwos_appTests.framework */; };
		D1F8A0213E6A0F2CFEB65D55 /* Scene.swift in Sources */ = {isa = PBXBuildFile; fileRef = D1F8A2B6CAB2E5079E628252 /* Scene.swift */; };
		D1F8A03118F43AFB9698D14D /* LabelItem.swift in Sources */ = {isa = PBXBuildFile; fileRef = D1F8A291541C5AAE2CEDDC75 /* LabelItem.swift */; };
		D1F8A218AA778E564B128F67 /* BindableType.swift in Sources */ = {isa = PBXBuildFile; fileRef = D1F8A866BD719FFE0F3769DF /* BindableType.swift */; };
		D1F8A280F354513404A3B378 /* Config.swift in Sources */ = {isa = PBXBuildFile; fileRef = D1F8A3F67FE101CB9837EAB2 /* Config.swift */; };
		D1F8A32905BEE1E851B731EE /* .gitignore in Resources */ = {isa = PBXBuildFile; fileRef = D1F8A84237B51456CB143E3C /* .gitignore */; };
		D1F8A3FFD31D7EF51A9586E6 /* Signin.swift in Sources */ = {isa = PBXBuildFile; fileRef = D1F8A4474D5622F0A341FEE5 /* Signin.swift */; };
		D1F8A445C3CFD75F129934FF /* TaskServiceType.swift in Sources */ = {isa = PBXBuildFile; fileRef = D1F8AE2FFDFE972A5FC9A601 /* TaskServiceType.swift */; };
		D1F8A591F99F9B3991C61672 /* EditTaskViewController.swift in Sources */ = {isa = PBXBuildFile; fileRef = D1F8AE26C2EF12B3C107CEEB /* EditTaskViewController.swift */; };
		D1F8A592BD0AFE85E3D8AA0A /* ConfigManager.swift in Sources */ = {isa = PBXBuildFile; fileRef = D1F8A1442BF22239A90F2CB1 /* ConfigManager.swift */; };
		D1F8A625AD6B265CEEA42979 /* EditTaskViewModel.swift in Sources */ = {isa = PBXBuildFile; fileRef = D1F8AAFF4C3D8913CE782D67 /* EditTaskViewModel.swift */; };
		D1F8A649DD5F2D03D069FC96 /* LabelService.swift in Sources */ = {isa = PBXBuildFile; fileRef = D1F8AD3A5D1C86B7D2F915C0 /* LabelService.swift */; };
		D1F8A6A9BBEEB5C9C66A19A8 /* Models.swift in Sources */ = {isa = PBXBuildFile; fileRef = D1F8A30601C5D104C5A27437 /* Models.swift */; };
		D1F8A730AA23ED8926AA5B3F /* SigninService.swift in Sources */ = {isa = PBXBuildFile; fileRef = D1F8A1153AB8127A1A99DCE0 /* SigninService.swift */; };
		D1F8A85BDDC2029816BB312E /* Podfile in Resources */ = {isa = PBXBuildFile; fileRef = D1F8A97476B19E66E16027AC /* Podfile */; };
		D1F8A8710811EFFCC9821C40 /* Config.plist in Resources */ = {isa = PBXBuildFile; fileRef = D1F8AB300E7CD88E3B76780C /* Config.plist */; };
		D1F8A878B4BCFA0FF8790D5D /* SceneTransitionType.swift in Sources */ = {isa = PBXBuildFile; fileRef = D1F8A3412C0A1682670BCC17 /* SceneTransitionType.swift */; };
		D1F8A8ACC30B923004E78DF5 /* TaskService.swift in Sources */ = {isa = PBXBuildFile; fileRef = D1F8A0BD20AD8AAADECD6E48 /* TaskService.swift */; };
		D1F8A8D49181F2568B97345A /* UserSigninKey.swift in Sources */ = {isa = PBXBuildFile; fileRef = D1F8AA4DE741C961FBB274D4 /* UserSigninKey.swift */; };
		D1F8A9469C017FE3090DBDF8 /* TasksViewModel.swift in Sources */ = {isa = PBXBuildFile; fileRef = D1F8A93BDFAB7319AABB5734 /* TasksViewModel.swift */; };
		D1F8AA8F873D97BF36A5C60F /* TaskTableViewCell.swift in Sources */ = {isa = PBXBuildFile; fileRef = D1F8A0D05B5E5BCB01683BBD /* TaskTableViewCell.swift */; };
		D1F8AAE09BC9363AFB9374CA /* UserSignin.swift in Sources */ = {isa = PBXBuildFile; fileRef = D1F8A004A2B90B1A37099C40 /* UserSignin.swift */; };
		D1F8ABCD675A1D48B1AD19C4 /* UINavigationController+Rx.swift in Sources */ = {isa = PBXBuildFile; fileRef = D1F8A6D8120CB6CF5746094F /* UINavigationController+Rx.swift */; };
		D1F8AC01A6D8507B04402A42 /* Scene+ViewController.swift in Sources */ = {isa = PBXBuildFile; fileRef = D1F8AA8740E2F2639F001AA8 /* Scene+ViewController.swift */; };
		D1F8AC4A3EF63C7D5C281B26 /* RestClient.swift in Sources */ = {isa = PBXBuildFile; fileRef = D1F8A5FE70C8B6309F408CC3 /* RestClient.swift */; };
		D1F8AC6EB31F59900563533E /* TaskItem.swift in Sources */ = {isa = PBXBuildFile; fileRef = D1F8A3E32AC28A83EB5EFD5F /* TaskItem.swift */; };
		D1F8ACED1252FC127F6DA07A /* Config.Example.plist in Resources */ = {isa = PBXBuildFile; fileRef = D1F8ADB1352E3B97B7E5A64B /* Config.Example.plist */; };
		D1F8AE146E88164F9A453E55 /* TasksViewController.swift in Sources */ = {isa = PBXBuildFile; fileRef = D1F8A8EBAA88DD32C85E4B26 /* TasksViewController.swift */; };
		D1F8AF9292C2E7471FDDDFF8 /* SceneCoordinator.swift in Sources */ = {isa = PBXBuildFile; fileRef = D1F8AD4CB8EC4005714E8726 /* SceneCoordinator.swift */; };
		D1F8AFCB3E8791F8687B7A7C /* HTTPClient.swift in Sources */ = {isa = PBXBuildFile; fileRef = D1F8A7CDFA7B7C76D8170D0B /* HTTPClient.swift */; };
		D1F8AFF606E0D9E3CB30915C /* SceneCoordinatorType.swift in Sources */ = {isa = PBXBuildFile; fileRef = D1F8A12544795BA8F2F29240 /* SceneCoordinatorType.swift */; };
		F47D4CDC1DA953508D7D72B4 /* Pods_smartwos_app.framework in Frameworks */ = {isa = PBXBuildFile; fileRef = C518607D70AF87B1C310BB79 /* Pods_smartwos_app.framework */; };
		F5D1496A2127F41D0064C9BE /* AppDelegate.swift in Sources */ = {isa = PBXBuildFile; fileRef = F5D149692127F41D0064C9BE /* AppDelegate.swift */; };
		F5D1496F2127F41D0064C9BE /* Main.storyboard in Resources */ = {isa = PBXBuildFile; fileRef = F5D1496D2127F41D0064C9BE /* Main.storyboard */; };
		F5D149712127F41E0064C9BE /* Assets.xcassets in Resources */ = {isa = PBXBuildFile; fileRef = F5D149702127F41E0064C9BE /* Assets.xcassets */; };
		F5D149742127F41E0064C9BE /* LaunchScreen.storyboard in Resources */ = {isa = PBXBuildFile; fileRef = F5D149722127F41E0064C9BE /* LaunchScreen.storyboard */; };
		F5D1497F2127F41E0064C9BE /* smartwos_appTests.swift in Sources */ = {isa = PBXBuildFile; fileRef = F5D1497E2127F41E0064C9BE /* smartwos_appTests.swift */; };
/* End PBXBuildFile section */

/* Begin PBXContainerItemProxy section */
		F5D1497B2127F41E0064C9BE /* PBXContainerItemProxy */ = {
			isa = PBXContainerItemProxy;
			containerPortal = F5D1495E2127F41D0064C9BE /* Project object */;
			proxyType = 1;
			remoteGlobalIDString = F5D149652127F41D0064C9BE;
			remoteInfo = "smartwos-app";
		};
/* End PBXContainerItemProxy section */

/* Begin PBXFileReference section */
		19CCB3BEFC894A3ECCD2D26A /* Pods-smartwos-appTests.debug.xcconfig */ = {isa = PBXFileReference; includeInIndex = 1; lastKnownFileType = text.xcconfig; name = "Pods-smartwos-appTests.debug.xcconfig"; path = "Pods/Target Support Files/Pods-smartwos-appTests/Pods-smartwos-appTests.debug.xcconfig"; sourceTree = "<group>"; };
		721A6E2FC0013C821F6E9074 /* Pods-smartwos-appTests.release.xcconfig */ = {isa = PBXFileReference; includeInIndex = 1; lastKnownFileType = text.xcconfig; name = "Pods-smartwos-appTests.release.xcconfig"; path = "Pods/Target Support Files/Pods-smartwos-appTests/Pods-smartwos-appTests.release.xcconfig"; sourceTree = "<group>"; };
		75230A8233C1BD07E4911538 /* Pods-smartwos-app.debug.xcconfig */ = {isa = PBXFileReference; includeInIndex = 1; lastKnownFileType = text.xcconfig; name = "Pods-smartwos-app.debug.xcconfig"; path = "Pods/Target Support Files/Pods-smartwos-app/Pods-smartwos-app.debug.xcconfig"; sourceTree = "<group>"; };
		8CC385123DDF9A3D9AF01BE5 /* Pods-smartwos-app.release.xcconfig */ = {isa = PBXFileReference; includeInIndex = 1; lastKnownFileType = text.xcconfig; name = "Pods-smartwos-app.release.xcconfig"; path = "Pods/Target Support Files/Pods-smartwos-app/Pods-smartwos-app.release.xcconfig"; sourceTree = "<group>"; };
		B0DC4E29A0F315784A76AE10 /* Pods_smartwos_appTests.framework */ = {isa = PBXFileReference; explicitFileType = wrapper.framework; includeInIndex = 0; path = Pods_smartwos_appTests.framework; sourceTree = BUILT_PRODUCTS_DIR; };
		C518607D70AF87B1C310BB79 /* Pods_smartwos_app.framework */ = {isa = PBXFileReference; explicitFileType = wrapper.framework; includeInIndex = 0; path = Pods_smartwos_app.framework; sourceTree = BUILT_PRODUCTS_DIR; };
		D1F8A004A2B90B1A37099C40 /* UserSignin.swift */ = {isa = PBXFileReference; fileEncoding = 4; lastKnownFileType = sourcecode.swift; path = UserSignin.swift; sourceTree = "<group>"; };
		D1F8A0BD20AD8AAADECD6E48 /* TaskService.swift */ = {isa = PBXFileReference; fileEncoding = 4; lastKnownFileType = sourcecode.swift; path = TaskService.swift; sourceTree = "<group>"; };
		D1F8A0D05B5E5BCB01683BBD /* TaskTableViewCell.swift */ = {isa = PBXFileReference; fileEncoding = 4; lastKnownFileType = sourcecode.swift; path = TaskTableViewCell.swift; sourceTree = "<group>"; };
		D1F8A1153AB8127A1A99DCE0 /* SigninService.swift */ = {isa = PBXFileReference; fileEncoding = 4; lastKnownFileType = sourcecode.swift; path = SigninService.swift; sourceTree = "<group>"; };
		D1F8A12544795BA8F2F29240 /* SceneCoordinatorType.swift */ = {isa = PBXFileReference; fileEncoding = 4; lastKnownFileType = sourcecode.swift; path = SceneCoordinatorType.swift; sourceTree = "<group>"; };
		D1F8A1442BF22239A90F2CB1 /* ConfigManager.swift */ = {isa = PBXFileReference; fileEncoding = 4; lastKnownFileType = sourcecode.swift; path = ConfigManager.swift; sourceTree = "<group>"; };
		D1F8A291541C5AAE2CEDDC75 /* LabelItem.swift */ = {isa = PBXFileReference; fileEncoding = 4; lastKnownFileType = sourcecode.swift; path = LabelItem.swift; sourceTree = "<group>"; };
		D1F8A2B6CAB2E5079E628252 /* Scene.swift */ = {isa = PBXFileReference; fileEncoding = 4; lastKnownFileType = sourcecode.swift; path = Scene.swift; sourceTree = "<group>"; };
		D1F8A30601C5D104C5A27437 /* Models.swift */ = {isa = PBXFileReference; fileEncoding = 4; lastKnownFileType = sourcecode.swift; path = Models.swift; sourceTree = "<group>"; };
		D1F8A3412C0A1682670BCC17 /* SceneTransitionType.swift */ = {isa = PBXFileReference; fileEncoding = 4; lastKnownFileType = sourcecode.swift; path = SceneTransitionType.swift; sourceTree = "<group>"; };
		D1F8A3E32AC28A83EB5EFD5F /* TaskItem.swift */ = {isa = PBXFileReference; fileEncoding = 4; lastKnownFileType = sourcecode.swift; path = TaskItem.swift; sourceTree = "<group>"; };
		D1F8A3F67FE101CB9837EAB2 /* Config.swift */ = {isa = PBXFileReference; fileEncoding = 4; lastKnownFileType = sourcecode.swift; path = Config.swift; sourceTree = "<group>"; };
		D1F8A4474D5622F0A341FEE5 /* Signin.swift */ = {isa = PBXFileReference; fileEncoding = 4; lastKnownFileType = sourcecode.swift; path = Signin.swift; sourceTree = "<group>"; };
		D1F8A5FE70C8B6309F408CC3 /* RestClient.swift */ = {isa = PBXFileReference; fileEncoding = 4; lastKnownFileType = sourcecode.swift; path = RestClient.swift; sourceTree = "<group>"; };
		D1F8A6D8120CB6CF5746094F /* UINavigationController+Rx.swift */ = {isa = PBXFileReference; fileEncoding = 4; lastKnownFileType = sourcecode.swift; path = "UINavigationController+Rx.swift"; sourceTree = "<group>"; };
		D1F8A7CDFA7B7C76D8170D0B /* HTTPClient.swift */ = {isa = PBXFileReference; fileEncoding = 4; lastKnownFileType = sourcecode.swift; path = HTTPClient.swift; sourceTree = "<group>"; };
		D1F8A84237B51456CB143E3C /* .gitignore */ = {isa = PBXFileReference; lastKnownFileType = file.gitignore; path = .gitignore; sourceTree = "<group>"; };
		D1F8A866BD719FFE0F3769DF /* BindableType.swift */ = {isa = PBXFileReference; fileEncoding = 4; lastKnownFileType = sourcecode.swift; path = BindableType.swift; sourceTree = "<group>"; };
		D1F8A8EBAA88DD32C85E4B26 /* TasksViewController.swift */ = {isa = PBXFileReference; fileEncoding = 4; lastKnownFileType = sourcecode.swift; path = TasksViewController.swift; sourceTree = "<group>"; };
		D1F8A93BDFAB7319AABB5734 /* TasksViewModel.swift */ = {isa = PBXFileReference; fileEncoding = 4; lastKnownFileType = sourcecode.swift; path = TasksViewModel.swift; sourceTree = "<group>"; };
		D1F8A97476B19E66E16027AC /* Podfile */ = {isa = PBXFileReference; fileEncoding = 4; lastKnownFileType = text; path = Podfile; sourceTree = "<group>"; };
		D1F8AA4DE741C961FBB274D4 /* UserSigninKey.swift */ = {isa = PBXFileReference; fileEncoding = 4; lastKnownFileType = sourcecode.swift; path = UserSigninKey.swift; sourceTree = "<group>"; };
		D1F8AA8740E2F2639F001AA8 /* Scene+ViewController.swift */ = {isa = PBXFileReference; fileEncoding = 4; lastKnownFileType = sourcecode.swift; path = "Scene+ViewController.swift"; sourceTree = "<group>"; };
		D1F8AAFF4C3D8913CE782D67 /* EditTaskViewModel.swift */ = {isa = PBXFileReference; fileEncoding = 4; lastKnownFileType = sourcecode.swift; path = EditTaskViewModel.swift; sourceTree = "<group>"; };
		D1F8AB300E7CD88E3B76780C /* Config.plist */ = {isa = PBXFileReference; fileEncoding = 4; lastKnownFileType = text.plist; path = Config.plist; sourceTree = "<group>"; };
		D1F8AD3A5D1C86B7D2F915C0 /* LabelService.swift */ = {isa = PBXFileReference; fileEncoding = 4; lastKnownFileType = sourcecode.swift; path = LabelService.swift; sourceTree = "<group>"; };
		D1F8AD4CB8EC4005714E8726 /* SceneCoordinator.swift */ = {isa = PBXFileReference; fileEncoding = 4; lastKnownFileType = sourcecode.swift; path = SceneCoordinator.swift; sourceTree = "<group>"; };
		D1F8ADB1352E3B97B7E5A64B /* Config.Example.plist */ = {isa = PBXFileReference; fileEncoding = 4; lastKnownFileType = text.plist; path = Config.Example.plist; sourceTree = "<group>"; };
		D1F8AE26C2EF12B3C107CEEB /* EditTaskViewController.swift */ = {isa = PBXFileReference; fileEncoding = 4; lastKnownFileType = sourcecode.swift; path = EditTaskViewController.swift; sourceTree = "<group>"; };
		D1F8AE2FFDFE972A5FC9A601 /* TaskServiceType.swift */ = {isa = PBXFileReference; fileEncoding = 4; lastKnownFileType = sourcecode.swift; path = TaskServiceType.swift; sourceTree = "<group>"; };
		F5D149662127F41D0064C9BE /* smartwos-app.app */ = {isa = PBXFileReference; explicitFileType = wrapper.application; includeInIndex = 0; path = "smartwos-app.app"; sourceTree = BUILT_PRODUCTS_DIR; };
		F5D149692127F41D0064C9BE /* AppDelegate.swift */ = {isa = PBXFileReference; lastKnownFileType = sourcecode.swift; path = AppDelegate.swift; sourceTree = "<group>"; };
		F5D1496E2127F41D0064C9BE /* Base */ = {isa = PBXFileReference; lastKnownFileType = file.storyboard; name = Base; path = Base.lproj/Main.storyboard; sourceTree = "<group>"; };
		F5D149702127F41E0064C9BE /* Assets.xcassets */ = {isa = PBXFileReference; lastKnownFileType = folder.assetcatalog; path = Assets.xcassets; sourceTree = "<group>"; };
		F5D149732127F41E0064C9BE /* Base */ = {isa = PBXFileReference; lastKnownFileType = file.storyboard; name = Base; path = Base.lproj/LaunchScreen.storyboard; sourceTree = "<group>"; };
		F5D149752127F41E0064C9BE /* Info.plist */ = {isa = PBXFileReference; lastKnownFileType = text.plist.xml; path = Info.plist; sourceTree = "<group>"; };
		F5D1497A2127F41E0064C9BE /* smartwos-appTests.xctest */ = {isa = PBXFileReference; explicitFileType = wrapper.cfbundle; includeInIndex = 0; path = "smartwos-appTests.xctest"; sourceTree = BUILT_PRODUCTS_DIR; };
		F5D1497E2127F41E0064C9BE /* smartwos_appTests.swift */ = {isa = PBXFileReference; lastKnownFileType = sourcecode.swift; path = smartwos_appTests.swift; sourceTree = "<group>"; };
		F5D149802127F41E0064C9BE /* Info.plist */ = {isa = PBXFileReference; lastKnownFileType = text.plist.xml; path = Info.plist; sourceTree = "<group>"; };
/* End PBXFileReference section */

/* Begin PBXFrameworksBuildPhase section */
		F5D149632127F41D0064C9BE /* Frameworks */ = {
			isa = PBXFrameworksBuildPhase;
			buildActionMask = 2147483647;
			files = (
				F47D4CDC1DA953508D7D72B4 /* Pods_smartwos_app.framework in Frameworks */,
			);
			runOnlyForDeploymentPostprocessing = 0;
		};
		F5D149772127F41E0064C9BE /* Frameworks */ = {
			isa = PBXFrameworksBuildPhase;
			buildActionMask = 2147483647;
			files = (
				A792487D1D6A9E11412A5156 /* Pods_smartwos_appTests.framework in Frameworks */,
			);
			runOnlyForDeploymentPostprocessing = 0;
		};
/* End PBXFrameworksBuildPhase section */

/* Begin PBXGroup section */
		2CE9A03F8067B07BB91CC8F7 /* Pods */ = {
			isa = PBXGroup;
			children = (
				75230A8233C1BD07E4911538 /* Pods-smartwos-app.debug.xcconfig */,
				8CC385123DDF9A3D9AF01BE5 /* Pods-smartwos-app.release.xcconfig */,
				19CCB3BEFC894A3ECCD2D26A /* Pods-smartwos-appTests.debug.xcconfig */,
				721A6E2FC0013C821F6E9074 /* Pods-smartwos-appTests.release.xcconfig */,
			);
			name = Pods;
			sourceTree = "<group>";
		};
		D1F8A04E153FE19B54D3C6F6 /* Services */ = {
			isa = PBXGroup;
			children = (
			);
			path = Services;
			sourceTree = "<group>";
		};
		D1F8A0C12D1FF0E3C3E84106 /* Labeling */ = {
			isa = PBXGroup;
			children = (
				D1F8A540E18EB8B1D98B57B2 /* Services */,
				D1F8ACDC0BF0262DC692381F /* Models */,
			);
			path = Labeling;
			sourceTree = "<group>";
		};
		D1F8A0C24FA065DA8D9FAD5B /* Clients */ = {
			isa = PBXGroup;
			children = (
				D1F8A7CDFA7B7C76D8170D0B /* HTTPClient.swift */,
				D1F8A5FE70C8B6309F408CC3 /* RestClient.swift */,
			);
			path = Clients;
			sourceTree = "<group>";
		};
		D1F8A0D59E88B5177D140835 /* QuickTodo */ = {
			isa = PBXGroup;
			children = (
				D1F8A2587BCBC03E945CD298 /* Services */,
				D1F8AAE22FAE3426FFD7EC3E /* Controllers */,
				D1F8AECD9DBA69F7615B74E4 /* Cells */,
				D1F8A3BAB78854D952ADA44D /* Models */,
				D1F8A0D95D3CE18FD0822C2D /* ViewModels */,
			);
			path = QuickTodo;
			sourceTree = "<group>";
		};
		D1F8A0D95D3CE18FD0822C2D /* ViewModels */ = {
			isa = PBXGroup;
			children = (
				D1F8A93BDFAB7319AABB5734 /* TasksViewModel.swift */,
				D1F8AAFF4C3D8913CE782D67 /* EditTaskViewModel.swift */,
			);
			path = ViewModels;
			sourceTree = "<group>";
		};
		D1F8A212B66F7AD073B4C7E7 /* Sources */ = {
			isa = PBXGroup;
			children = (
				D1F8A92D4F966055DD72D96E /* Scenes */,
				D1F8A301AE839ADFC7CF66AB /* Extensions */,
				D1F8A0C24FA065DA8D9FAD5B /* Clients */,
				D1F8A640DAC4CF65A564D774 /* Helpers */,
				D1F8A7E61D1E5F1445851280 /* Stories */,
				D1F8A40C23BCD694A238FEE4 /* Models */,
				D1F8A707C41691AB0BDF66F4 /* UserSession */,
			);
			path = Sources;
			sourceTree = "<group>";
		};
		D1F8A2587BCBC03E945CD298 /* Services */ = {
			isa = PBXGroup;
			children = (
				D1F8A0BD20AD8AAADECD6E48 /* TaskService.swift */,
				D1F8AE2FFDFE972A5FC9A601 /* TaskServiceType.swift */,
			);
			path = Services;
			sourceTree = "<group>";
		};
		D1F8A301AE839ADFC7CF66AB /* Extensions */ = {
			isa = PBXGroup;
			children = (
				D1F8A6D8120CB6CF5746094F /* UINavigationController+Rx.swift */,
			);
			path = Extensions;
			sourceTree = "<group>";
		};
		D1F8A3BAB78854D952ADA44D /* Models */ = {
			isa = PBXGroup;
			children = (
				D1F8A3E32AC28A83EB5EFD5F /* TaskItem.swift */,
				D1F8A866BD719FFE0F3769DF /* BindableType.swift */,
			);
			path = Models;
			sourceTree = "<group>";
		};
		D1F8A40C23BCD694A238FEE4 /* Models */ = {
			isa = PBXGroup;
			children = (
				D1F8A30601C5D104C5A27437 /* Models.swift */,
			);
			path = Models;
			sourceTree = "<group>";
		};
		D1F8A44DF00DC2621C7E1C23 /* Operation */ = {
			isa = PBXGroup;
			children = (
				D1F8A04E153FE19B54D3C6F6 /* Services */,
				D1F8AB523A244AE053E1E182 /* Models */,
			);
			path = Operation;
			sourceTree = "<group>";
		};
		D1F8A540E18EB8B1D98B57B2 /* Services */ = {
			isa = PBXGroup;
			children = (
				D1F8AD3A5D1C86B7D2F915C0 /* LabelService.swift */,
			);
			path = Services;
			sourceTree = "<group>";
		};
		D1F8A5DEEEF02EAEE3952E72 /* Models */ = {
			isa = PBXGroup;
			children = (
				D1F8A4474D5622F0A341FEE5 /* Signin.swift */,
			);
			path = Models;
			sourceTree = "<group>";
		};
		D1F8A640DAC4CF65A564D774 /* Helpers */ = {
			isa = PBXGroup;
			children = (
			);
			path = Helpers;
			sourceTree = "<group>";
		};
		D1F8A707C41691AB0BDF66F4 /* UserSession */ = {
			isa = PBXGroup;
			children = (
				D1F8A004A2B90B1A37099C40 /* UserSignin.swift */,
				D1F8AA4DE741C961FBB274D4 /* UserSigninKey.swift */,
			);
			path = UserSession;
			sourceTree = "<group>";
		};
		D1F8A797D094AE5E378D7A4D /* Services */ = {
			isa = PBXGroup;
			children = (
				D1F8A1153AB8127A1A99DCE0 /* SigninService.swift */,
			);
			path = Services;
			sourceTree = "<group>";
		};
		D1F8A7E61D1E5F1445851280 /* Stories */ = {
			isa = PBXGroup;
			children = (
				D1F8A0D59E88B5177D140835 /* QuickTodo */,
				D1F8A0C12D1FF0E3C3E84106 /* Labeling */,
				D1F8A44DF00DC2621C7E1C23 /* Operation */,
				D1F8AE973798C2D1D831F257 /* Signin */,
			);
			path = Stories;
			sourceTree = "<group>";
		};
		D1F8A887666F05783CDC535B /* Config */ = {
			isa = PBXGroup;
			children = (
				D1F8AB300E7CD88E3B76780C /* Config.plist */,
				D1F8ADB1352E3B97B7E5A64B /* Config.Example.plist */,
				D1F8A3F67FE101CB9837EAB2 /* Config.swift */,
				D1F8A1442BF22239A90F2CB1 /* ConfigManager.swift */,
			);
			path = Config;
			sourceTree = "<group>";
		};
		D1F8A92D4F966055DD72D96E /* Scenes */ = {
			isa = PBXGroup;
			children = (
				D1F8A2B6CAB2E5079E628252 /* Scene.swift */,
				D1F8AD4CB8EC4005714E8726 /* SceneCoordinator.swift */,
				D1F8A3412C0A1682670BCC17 /* SceneTransitionType.swift */,
				D1F8AA8740E2F2639F001AA8 /* Scene+ViewController.swift */,
				D1F8A12544795BA8F2F29240 /* SceneCoordinatorType.swift */,
			);
			path = Scenes;
			sourceTree = "<group>";
		};
		D1F8AAE22FAE3426FFD7EC3E /* Controllers */ = {
			isa = PBXGroup;
			children = (
				D1F8A8EBAA88DD32C85E4B26 /* TasksViewController.swift */,
				D1F8AE26C2EF12B3C107CEEB /* EditTaskViewController.swift */,
			);
			path = Controllers;
			sourceTree = "<group>";
		};
		D1F8AB523A244AE053E1E182 /* Models */ = {
			isa = PBXGroup;
			children = (
			);
			path = Models;
			sourceTree = "<group>";
		};
		D1F8ACDC0BF0262DC692381F /* Models */ = {
			isa = PBXGroup;
			children = (
				D1F8A291541C5AAE2CEDDC75 /* LabelItem.swift */,
			);
			path = Models;
			sourceTree = "<group>";
		};
		D1F8AE973798C2D1D831F257 /* Signin */ = {
			isa = PBXGroup;
			children = (
				D1F8A5DEEEF02EAEE3952E72 /* Models */,
				D1F8A797D094AE5E378D7A4D /* Services */,
			);
			path = Signin;
			sourceTree = "<group>";
		};
		D1F8AECD9DBA69F7615B74E4 /* Cells */ = {
			isa = PBXGroup;
			children = (
				D1F8A0D05B5E5BCB01683BBD /* TaskTableViewCell.swift */,
			);
			path = Cells;
			sourceTree = "<group>";
		};
		F5D1495D2127F41D0064C9BE = {
			isa = PBXGroup;
			children = (
				F5D149682127F41D0064C9BE /* smartwos-app */,
				F5D1497D2127F41E0064C9BE /* smartwos-appTests */,
				F5D149672127F41D0064C9BE /* Products */,
				D1F8A97476B19E66E16027AC /* Podfile */,
				2CE9A03F8067B07BB91CC8F7 /* Pods */,
				FC4E7A7E471C72B670672BFD /* Frameworks */,
				D1F8A84237B51456CB143E3C /* .gitignore */,
			);
			sourceTree = "<group>";
		};
		F5D149672127F41D0064C9BE /* Products */ = {
			isa = PBXGroup;
			children = (
				F5D149662127F41D0064C9BE /* smartwos-app.app */,
				F5D1497A2127F41E0064C9BE /* smartwos-appTests.xctest */,
			);
			name = Products;
			sourceTree = "<group>";
		};
		F5D149682127F41D0064C9BE /* smartwos-app */ = {
			isa = PBXGroup;
			children = (
				F5D149692127F41D0064C9BE /* AppDelegate.swift */,
				F5D1496D2127F41D0064C9BE /* Main.storyboard */,
				F5D149702127F41E0064C9BE /* Assets.xcassets */,
				F5D149722127F41E0064C9BE /* LaunchScreen.storyboard */,
				F5D149752127F41E0064C9BE /* Info.plist */,
				D1F8A212B66F7AD073B4C7E7 /* Sources */,
				D1F8A887666F05783CDC535B /* Config */,
			);
			path = "smartwos-app";
			sourceTree = "<group>";
		};
		F5D1497D2127F41E0064C9BE /* smartwos-appTests */ = {
			isa = PBXGroup;
			children = (
				F5D1497E2127F41E0064C9BE /* smartwos_appTests.swift */,
				F5D149802127F41E0064C9BE /* Info.plist */,
			);
			path = "smartwos-appTests";
			sourceTree = "<group>";
		};
		FC4E7A7E471C72B670672BFD /* Frameworks */ = {
			isa = PBXGroup;
			children = (
				C518607D70AF87B1C310BB79 /* Pods_smartwos_app.framework */,
				B0DC4E29A0F315784A76AE10 /* Pods_smartwos_appTests.framework */,
			);
			name = Frameworks;
			sourceTree = "<group>";
		};
/* End PBXGroup section */

/* Begin PBXNativeTarget section */
		F5D149652127F41D0064C9BE /* smartwos-app */ = {
			isa = PBXNativeTarget;
			buildConfigurationList = F5D149832127F41E0064C9BE /* Build configuration list for PBXNativeTarget "smartwos-app" */;
			buildPhases = (
				41EB9175FC53BB4CA94150A8 /* [CP] Check Pods Manifest.lock */,
				F5D149622127F41D0064C9BE /* Sources */,
				F5D149632127F41D0064C9BE /* Frameworks */,
				F5D149642127F41D0064C9BE /* Resources */,
				1DD07178FB60EA3D29A22472 /* [CP] Embed Pods Frameworks */,
			);
			buildRules = (
			);
			dependencies = (
			);
			name = "smartwos-app";
			productName = "smartwos-app";
			productReference = F5D149662127F41D0064C9BE /* smartwos-app.app */;
			productType = "com.apple.product-type.application";
		};
		F5D149792127F41E0064C9BE /* smartwos-appTests */ = {
			isa = PBXNativeTarget;
			buildConfigurationList = F5D149862127F41E0064C9BE /* Build configuration list for PBXNativeTarget "smartwos-appTests" */;
			buildPhases = (
				87BFC63B124F150CF0E662B2 /* [CP] Check Pods Manifest.lock */,
				F5D149762127F41E0064C9BE /* Sources */,
				F5D149772127F41E0064C9BE /* Frameworks */,
				F5D149782127F41E0064C9BE /* Resources */,
				CE5C5FD8749966ABED44E0D1 /* [CP] Embed Pods Frameworks */,
			);
			buildRules = (
			);
			dependencies = (
				F5D1497C2127F41E0064C9BE /* PBXTargetDependency */,
			);
			name = "smartwos-appTests";
			productName = "smartwos-appTests";
			productReference = F5D1497A2127F41E0064C9BE /* smartwos-appTests.xctest */;
			productType = "com.apple.product-type.bundle.unit-test";
		};
/* End PBXNativeTarget section */

/* Begin PBXProject section */
		F5D1495E2127F41D0064C9BE /* Project object */ = {
			isa = PBXProject;
			attributes = {
				LastSwiftUpdateCheck = 0940;
				LastUpgradeCheck = 0940;
				ORGANIZATIONNAME = "BGI Group Inc.";
				TargetAttributes = {
					F5D149652127F41D0064C9BE = {
						CreatedOnToolsVersion = 9.4.1;
					};
					F5D149792127F41E0064C9BE = {
						CreatedOnToolsVersion = 9.4.1;
						TestTargetID = F5D149652127F41D0064C9BE;
					};
				};
			};
			buildConfigurationList = F5D149612127F41D0064C9BE /* Build configuration list for PBXProject "smartwos-app" */;
			compatibilityVersion = "Xcode 9.3";
			developmentRegion = en;
			hasScannedForEncodings = 0;
			knownRegions = (
				en,
				Base,
			);
			mainGroup = F5D1495D2127F41D0064C9BE;
			productRefGroup = F5D149672127F41D0064C9BE /* Products */;
			projectDirPath = "";
			projectRoot = "";
			targets = (
				F5D149652127F41D0064C9BE /* smartwos-app */,
				F5D149792127F41E0064C9BE /* smartwos-appTests */,
			);
		};
/* End PBXProject section */

/* Begin PBXResourcesBuildPhase section */
		F5D149642127F41D0064C9BE /* Resources */ = {
			isa = PBXResourcesBuildPhase;
			buildActionMask = 2147483647;
			files = (
				F5D149742127F41E0064C9BE /* LaunchScreen.storyboard in Resources */,
				F5D149712127F41E0064C9BE /* Assets.xcassets in Resources */,
				F5D1496F2127F41D0064C9BE /* Main.storyboard in Resources */,
				D1F8A85BDDC2029816BB312E /* Podfile in Resources */,
				D1F8A32905BEE1E851B731EE /* .gitignore in Resources */,
				D1F8A8710811EFFCC9821C40 /* Config.plist in Resources */,
				D1F8ACED1252FC127F6DA07A /* Config.Example.plist in Resources */,
			);
			runOnlyForDeploymentPostprocessing = 0;
		};
		F5D149782127F41E0064C9BE /* Resources */ = {
			isa = PBXResourcesBuildPhase;
			buildActionMask = 2147483647;
			files = (
			);
			runOnlyForDeploymentPostprocessing = 0;
		};
/* End PBXResourcesBuildPhase section */

/* Begin PBXShellScriptBuildPhase section */
		1DD07178FB60EA3D29A22472 /* [CP] Embed Pods Frameworks */ = {
			isa = PBXShellScriptBuildPhase;
			buildActionMask = 2147483647;
			files = (
			);
			inputPaths = (
				"${SRCROOT}/Pods/Target Support Files/Pods-smartwos-app/Pods-smartwos-app-frameworks.sh",
				"${BUILT_PRODUCTS_DIR}/Action/Action.framework",
				"${BUILT_PRODUCTS_DIR}/Alamofire/Alamofire.framework",
				"${BUILT_PRODUCTS_DIR}/Differentiator/Differentiator.framework",
				"${BUILT_PRODUCTS_DIR}/NSObject+Rx/NSObject_Rx.framework",
				"${BUILT_PRODUCTS_DIR}/Realm/Realm.framework",
				"${BUILT_PRODUCTS_DIR}/RealmSwift/RealmSwift.framework",
				"${BUILT_PRODUCTS_DIR}/RxCocoa/RxCocoa.framework",
				"${BUILT_PRODUCTS_DIR}/RxDataSources/RxDataSources.framework",
				"${BUILT_PRODUCTS_DIR}/RxRealm/RxRealm.framework",
				"${BUILT_PRODUCTS_DIR}/RxSwift/RxSwift.framework",
			);
			name = "[CP] Embed Pods Frameworks";
			outputPaths = (
				"${TARGET_BUILD_DIR}/${FRAMEWORKS_FOLDER_PATH}/Action.framework",
				"${TARGET_BUILD_DIR}/${FRAMEWORKS_FOLDER_PATH}/Alamofire.framework",
				"${TARGET_BUILD_DIR}/${FRAMEWORKS_FOLDER_PATH}/Differentiator.framework",
				"${TARGET_BUILD_DIR}/${FRAMEWORKS_FOLDER_PATH}/NSObject_Rx.framework",
				"${TARGET_BUILD_DIR}/${FRAMEWORKS_FOLDER_PATH}/Realm.framework",
				"${TARGET_BUILD_DIR}/${FRAMEWORKS_FOLDER_PATH}/RealmSwift.framework",
				"${TARGET_BUILD_DIR}/${FRAMEWORKS_FOLDER_PATH}/RxCocoa.framework",
				"${TARGET_BUILD_DIR}/${FRAMEWORKS_FOLDER_PATH}/RxDataSources.framework",
				"${TARGET_BUILD_DIR}/${FRAMEWORKS_FOLDER_PATH}/RxRealm.framework",
				"${TARGET_BUILD_DIR}/${FRAMEWORKS_FOLDER_PATH}/RxSwift.framework",
			);
			runOnlyForDeploymentPostprocessing = 0;
			shellPath = /bin/sh;
			shellScript = "\"${SRCROOT}/Pods/Target Support Files/Pods-smartwos-app/Pods-smartwos-app-frameworks.sh\"\n";
			showEnvVarsInLog = 0;
		};
		41EB9175FC53BB4CA94150A8 /* [CP] Check Pods Manifest.lock */ = {
			isa = PBXShellScriptBuildPhase;
			buildActionMask = 2147483647;
			files = (
			);
			inputPaths = (
				"${PODS_PODFILE_DIR_PATH}/Podfile.lock",
				"${PODS_ROOT}/Manifest.lock",
			);
			name = "[CP] Check Pods Manifest.lock";
			outputPaths = (
				"$(DERIVED_FILE_DIR)/Pods-smartwos-app-checkManifestLockResult.txt",
			);
			runOnlyForDeploymentPostprocessing = 0;
			shellPath = /bin/sh;
			shellScript = "diff \"${PODS_PODFILE_DIR_PATH}/Podfile.lock\" \"${PODS_ROOT}/Manifest.lock\" > /dev/null\nif [ $? != 0 ] ; then\n    # print error to STDERR\n    echo \"error: The sandbox is not in sync with the Podfile.lock. Run 'pod install' or update your CocoaPods installation.\" >&2\n    exit 1\nfi\n# This output is used by Xcode 'outputs' to avoid re-running this script phase.\necho \"SUCCESS\" > \"${SCRIPT_OUTPUT_FILE_0}\"\n";
			showEnvVarsInLog = 0;
		};
		87BFC63B124F150CF0E662B2 /* [CP] Check Pods Manifest.lock */ = {
			isa = PBXShellScriptBuildPhase;
			buildActionMask = 2147483647;
			files = (
			);
			inputPaths = (
				"${PODS_PODFILE_DIR_PATH}/Podfile.lock",
				"${PODS_ROOT}/Manifest.lock",
			);
			name = "[CP] Check Pods Manifest.lock";
			outputPaths = (
				"$(DERIVED_FILE_DIR)/Pods-smartwos-appTests-checkManifestLockResult.txt",
			);
			runOnlyForDeploymentPostprocessing = 0;
			shellPath = /bin/sh;
			shellScript = "diff \"${PODS_PODFILE_DIR_PATH}/Podfile.lock\" \"${PODS_ROOT}/Manifest.lock\" > /dev/null\nif [ $? != 0 ] ; then\n    # print error to STDERR\n    echo \"error: The sandbox is not in sync with the Podfile.lock. Run 'pod install' or update your CocoaPods installation.\" >&2\n    exit 1\nfi\n# This output is used by Xcode 'outputs' to avoid re-running this script phase.\necho \"SUCCESS\" > \"${SCRIPT_OUTPUT_FILE_0}\"\n";
			showEnvVarsInLog = 0;
		};
		CE5C5FD8749966ABED44E0D1 /* [CP] Embed Pods Frameworks */ = {
			isa = PBXShellScriptBuildPhase;
			buildActionMask = 2147483647;
			files = (
			);
			inputPaths = (
				"${SRCROOT}/Pods/Target Support Files/Pods-smartwos-appTests/Pods-smartwos-appTests-frameworks.sh",
				"${BUILT_PRODUCTS_DIR}/Action/Action.framework",
				"${BUILT_PRODUCTS_DIR}/Alamofire/Alamofire.framework",
				"${BUILT_PRODUCTS_DIR}/Differentiator/Differentiator.framework",
				"${BUILT_PRODUCTS_DIR}/NSObject+Rx/NSObject_Rx.framework",
				"${BUILT_PRODUCTS_DIR}/Realm/Realm.framework",
				"${BUILT_PRODUCTS_DIR}/RealmSwift/RealmSwift.framework",
				"${BUILT_PRODUCTS_DIR}/RxCocoa/RxCocoa.framework",
				"${BUILT_PRODUCTS_DIR}/RxDataSources/RxDataSources.framework",
				"${BUILT_PRODUCTS_DIR}/RxRealm/RxRealm.framework",
				"${BUILT_PRODUCTS_DIR}/RxSwift/RxSwift.framework",
			);
			name = "[CP] Embed Pods Frameworks";
			outputPaths = (
				"${TARGET_BUILD_DIR}/${FRAMEWORKS_FOLDER_PATH}/Action.framework",
				"${TARGET_BUILD_DIR}/${FRAMEWORKS_FOLDER_PATH}/Alamofire.framework",
				"${TARGET_BUILD_DIR}/${FRAMEWORKS_FOLDER_PATH}/Differentiator.framework",
				"${TARGET_BUILD_DIR}/${FRAMEWORKS_FOLDER_PATH}/NSObject_Rx.framework",
				"${TARGET_BUILD_DIR}/${FRAMEWORKS_FOLDER_PATH}/Realm.framework",
				"${TARGET_BUILD_DIR}/${FRAMEWORKS_FOLDER_PATH}/RealmSwift.framework",
				"${TARGET_BUILD_DIR}/${FRAMEWORKS_FOLDER_PATH}/RxCocoa.framework",
				"${TARGET_BUILD_DIR}/${FRAMEWORKS_FOLDER_PATH}/RxDataSources.framework",
				"${TARGET_BUILD_DIR}/${FRAMEWORKS_FOLDER_PATH}/RxRealm.framework",
				"${TARGET_BUILD_DIR}/${FRAMEWORKS_FOLDER_PATH}/RxSwift.framework",
			);
			runOnlyForDeploymentPostprocessing = 0;
			shellPath = /bin/sh;
			shellScript = "\"${SRCROOT}/Pods/Target Support Files/Pods-smartwos-appTests/Pods-smartwos-appTests-frameworks.sh\"\n";
			showEnvVarsInLog = 0;
		};
/* End PBXShellScriptBuildPhase section */

/* Begin PBXSourcesBuildPhase section */
		F5D149622127F41D0064C9BE /* Sources */ = {
			isa = PBXSourcesBuildPhase;
			buildActionMask = 2147483647;
			files = (
				F5D1496A2127F41D0064C9BE /* AppDelegate.swift in Sources */,
				D1F8A0213E6A0F2CFEB65D55 /* Scene.swift in Sources */,
				D1F8AF9292C2E7471FDDDFF8 /* SceneCoordinator.swift in Sources */,
				D1F8A878B4BCFA0FF8790D5D /* SceneTransitionType.swift in Sources */,
				D1F8AC01A6D8507B04402A42 /* Scene+ViewController.swift in Sources */,
				D1F8AFF606E0D9E3CB30915C /* SceneCoordinatorType.swift in Sources */,
				D1F8ABCD675A1D48B1AD19C4 /* UINavigationController+Rx.swift in Sources */,
				D1F8AFCB3E8791F8687B7A7C /* HTTPClient.swift in Sources */,
				D1F8AC4A3EF63C7D5C281B26 /* RestClient.swift in Sources */,
				D1F8A280F354513404A3B378 /* Config.swift in Sources */,
				D1F8A592BD0AFE85E3D8AA0A /* ConfigManager.swift in Sources */,
				D1F8A8ACC30B923004E78DF5 /* TaskService.swift in Sources */,
				D1F8A445C3CFD75F129934FF /* TaskServiceType.swift in Sources */,
				D1F8AE146E88164F9A453E55 /* TasksViewController.swift in Sources */,
				D1F8A591F99F9B3991C61672 /* EditTaskViewController.swift in Sources */,
				D1F8AA8F873D97BF36A5C60F /* TaskTableViewCell.swift in Sources */,
				D1F8AC6EB31F59900563533E /* TaskItem.swift in Sources */,
				D1F8A218AA778E564B128F67 /* BindableType.swift in Sources */,
				D1F8A9469C017FE3090DBDF8 /* TasksViewModel.swift in Sources */,
				D1F8A625AD6B265CEEA42979 /* EditTaskViewModel.swift in Sources */,
				D1F8A649DD5F2D03D069FC96 /* LabelService.swift in Sources */,
				D1F8A03118F43AFB9698D14D /* LabelItem.swift in Sources */,
				D1F8A6A9BBEEB5C9C66A19A8 /* Models.swift in Sources */,
				D1F8A3FFD31D7EF51A9586E6 /* Signin.swift in Sources */,
				D1F8A730AA23ED8926AA5B3F /* SigninService.swift in Sources */,
				D1F8AAE09BC9363AFB9374CA /* UserSignin.swift in Sources */,
				D1F8A8D49181F2568B97345A /* UserSigninKey.swift in Sources */,
			);
			runOnlyForDeploymentPostprocessing = 0;
		};
		F5D149762127F41E0064C9BE /* Sources */ = {
			isa = PBXSourcesBuildPhase;
			buildActionMask = 2147483647;
			files = (
				F5D1497F2127F41E0064C9BE /* smartwos_appTests.swift in Sources */,
			);
			runOnlyForDeploymentPostprocessing = 0;
		};
/* End PBXSourcesBuildPhase section */

/* Begin PBXTargetDependency section */
		F5D1497C2127F41E0064C9BE /* PBXTargetDependency */ = {
			isa = PBXTargetDependency;
			target = F5D149652127F41D0064C9BE /* smartwos-app */;
			targetProxy = F5D1497B2127F41E0064C9BE /* PBXContainerItemProxy */;
		};
/* End PBXTargetDependency section */

/* Begin PBXVariantGroup section */
		F5D1496D2127F41D0064C9BE /* Main.storyboard */ = {
			isa = PBXVariantGroup;
			children = (
				F5D1496E2127F41D0064C9BE /* Base */,
			);
			name = Main.storyboard;
			sourceTree = "<group>";
		};
		F5D149722127F41E0064C9BE /* LaunchScreen.storyboard */ = {
			isa = PBXVariantGroup;
			children = (
				F5D149732127F41E0064C9BE /* Base */,
			);
			name = LaunchScreen.storyboard;
			sourceTree = "<group>";
		};
/* End PBXVariantGroup section */

/* Begin XCBuildConfiguration section */
		F5D149812127F41E0064C9BE /* Debug */ = {
			isa = XCBuildConfiguration;
			buildSettings = {
				ALWAYS_SEARCH_USER_PATHS = NO;
				CLANG_ANALYZER_NONNULL = YES;
				CLANG_ANALYZER_NUMBER_OBJECT_CONVERSION = YES_AGGRESSIVE;
				CLANG_CXX_LANGUAGE_STANDARD = "gnu++14";
				CLANG_CXX_LIBRARY = "libc++";
				CLANG_ENABLE_MODULES = YES;
				CLANG_ENABLE_OBJC_ARC = YES;
				CLANG_ENABLE_OBJC_WEAK = YES;
				CLANG_WARN_BLOCK_CAPTURE_AUTORELEASING = YES;
				CLANG_WARN_BOOL_CONVERSION = YES;
				CLANG_WARN_COMMA = YES;
				CLANG_WARN_CONSTANT_CONVERSION = YES;
				CLANG_WARN_DEPRECATED_OBJC_IMPLEMENTATIONS = YES;
				CLANG_WARN_DIRECT_OBJC_ISA_USAGE = YES_ERROR;
				CLANG_WARN_DOCUMENTATION_COMMENTS = YES;
				CLANG_WARN_EMPTY_BODY = YES;
				CLANG_WARN_ENUM_CONVERSION = YES;
				CLANG_WARN_INFINITE_RECURSION = YES;
				CLANG_WARN_INT_CONVERSION = YES;
				CLANG_WARN_NON_LITERAL_NULL_CONVERSION = YES;
				CLANG_WARN_OBJC_IMPLICIT_RETAIN_SELF = YES;
				CLANG_WARN_OBJC_LITERAL_CONVERSION = YES;
				CLANG_WARN_OBJC_ROOT_CLASS = YES_ERROR;
				CLANG_WARN_RANGE_LOOP_ANALYSIS = YES;
				CLANG_WARN_STRICT_PROTOTYPES = YES;
				CLANG_WARN_SUSPICIOUS_MOVE = YES;
				CLANG_WARN_UNGUARDED_AVAILABILITY = YES_AGGRESSIVE;
				CLANG_WARN_UNREACHABLE_CODE = YES;
				CLANG_WARN__DUPLICATE_METHOD_MATCH = YES;
				CODE_SIGN_IDENTITY = "iPhone Developer";
				COPY_PHASE_STRIP = NO;
				DEBUG_INFORMATION_FORMAT = dwarf;
				ENABLE_STRICT_OBJC_MSGSEND = YES;
				ENABLE_TESTABILITY = YES;
				GCC_C_LANGUAGE_STANDARD = gnu11;
				GCC_DYNAMIC_NO_PIC = NO;
				GCC_NO_COMMON_BLOCKS = YES;
				GCC_OPTIMIZATION_LEVEL = 0;
				GCC_PREPROCESSOR_DEFINITIONS = (
					"DEBUG=1",
					"$(inherited)",
				);
				GCC_WARN_64_TO_32_BIT_CONVERSION = YES;
				GCC_WARN_ABOUT_RETURN_TYPE = YES_ERROR;
				GCC_WARN_UNDECLARED_SELECTOR = YES;
				GCC_WARN_UNINITIALIZED_AUTOS = YES_AGGRESSIVE;
				GCC_WARN_UNUSED_FUNCTION = YES;
				GCC_WARN_UNUSED_VARIABLE = YES;
				IPHONEOS_DEPLOYMENT_TARGET = 11.4;
				MTL_ENABLE_DEBUG_INFO = YES;
				ONLY_ACTIVE_ARCH = YES;
				SDKROOT = iphoneos;
				SWIFT_ACTIVE_COMPILATION_CONDITIONS = DEBUG;
				SWIFT_OPTIMIZATION_LEVEL = "-Onone";
			};
			name = Debug;
		};
		F5D149822127F41E0064C9BE /* Release */ = {
			isa = XCBuildConfiguration;
			buildSettings = {
				ALWAYS_SEARCH_USER_PATHS = NO;
				CLANG_ANALYZER_NONNULL = YES;
				CLANG_ANALYZER_NUMBER_OBJECT_CONVERSION = YES_AGGRESSIVE;
				CLANG_CXX_LANGUAGE_STANDARD = "gnu++14";
				CLANG_CXX_LIBRARY = "libc++";
				CLANG_ENABLE_MODULES = YES;
				CLANG_ENABLE_OBJC_ARC = YES;
				CLANG_ENABLE_OBJC_WEAK = YES;
				CLANG_WARN_BLOCK_CAPTURE_AUTORELEASING = YES;
				CLANG_WARN_BOOL_CONVERSION = YES;
				CLANG_WARN_COMMA = YES;
				CLANG_WARN_CONSTANT_CONVERSION = YES;
				CLANG_WARN_DEPRECATED_OBJC_IMPLEMENTATIONS = YES;
				CLANG_WARN_DIRECT_OBJC_ISA_USAGE = YES_ERROR;
				CLANG_WARN_DOCUMENTATION_COMMENTS = YES;
				CLANG_WARN_EMPTY_BODY = YES;
				CLANG_WARN_ENUM_CONVERSION = YES;
				CLANG_WARN_INFINITE_RECURSION = YES;
				CLANG_WARN_INT_CONVERSION = YES;
				CLANG_WARN_NON_LITERAL_NULL_CONVERSION = YES;
				CLANG_WARN_OBJC_IMPLICIT_RETAIN_SELF = YES;
				CLANG_WARN_OBJC_LITERAL_CONVERSION = YES;
				CLANG_WARN_OBJC_ROOT_CLASS = YES_ERROR;
				CLANG_WARN_RANGE_LOOP_ANALYSIS = YES;
				CLANG_WARN_STRICT_PROTOTYPES = YES;
				CLANG_WARN_SUSPICIOUS_MOVE = YES;
				CLANG_WARN_UNGUARDED_AVAILABILITY = YES_AGGRESSIVE;
				CLANG_WARN_UNREACHABLE_CODE = YES;
				CLANG_WARN__DUPLICATE_METHOD_MATCH = YES;
				CODE_SIGN_IDENTITY = "iPhone Developer";
				COPY_PHASE_STRIP = NO;
				DEBUG_INFORMATION_FORMAT = "dwarf-with-dsym";
				ENABLE_NS_ASSERTIONS = NO;
				ENABLE_STRICT_OBJC_MSGSEND = YES;
				GCC_C_LANGUAGE_STANDARD = gnu11;
				GCC_NO_COMMON_BLOCKS = YES;
				GCC_WARN_64_TO_32_BIT_CONVERSION = YES;
				GCC_WARN_ABOUT_RETURN_TYPE = YES_ERROR;
				GCC_WARN_UNDECLARED_SELECTOR = YES;
				GCC_WARN_UNINITIALIZED_AUTOS = YES_AGGRESSIVE;
				GCC_WARN_UNUSED_FUNCTION = YES;
				GCC_WARN_UNUSED_VARIABLE = YES;
				IPHONEOS_DEPLOYMENT_TARGET = 11.4;
				MTL_ENABLE_DEBUG_INFO = NO;
				SDKROOT = iphoneos;
				SWIFT_COMPILATION_MODE = wholemodule;
				SWIFT_OPTIMIZATION_LEVEL = "-O";
				VALIDATE_PRODUCT = YES;
			};
			name = Release;
		};
		F5D149842127F41E0064C9BE /* Debug */ = {
			isa = XCBuildConfiguration;
			baseConfigurationReference = 75230A8233C1BD07E4911538 /* Pods-smartwos-app.debug.xcconfig */;
			buildSettings = {
				ASSETCATALOG_COMPILER_APPICON_NAME = AppIcon;
				CODE_SIGN_STYLE = Automatic;
				DEVELOPMENT_TEAM = 65VN75637P;
				INFOPLIST_FILE = "smartwos-app/Info.plist";
				LD_RUNPATH_SEARCH_PATHS = (
					"$(inherited)",
					"@executable_path/Frameworks",
				);
				PRODUCT_BUNDLE_IDENTIFIER = "com.smartwos.app.smartwos-app";
				PRODUCT_NAME = "$(TARGET_NAME)";
				SWIFT_VERSION = 4.0;
				TARGETED_DEVICE_FAMILY = "1,2";
			};
			name = Debug;
		};
		F5D149852127F41E0064C9BE /* Release */ = {
			isa = XCBuildConfiguration;
			baseConfigurationReference = 8CC385123DDF9A3D9AF01BE5 /* Pods-smartwos-app.release.xcconfig */;
			buildSettings = {
				ASSETCATALOG_COMPILER_APPICON_NAME = AppIcon;
				CODE_SIGN_STYLE = Automatic;
				DEVELOPMENT_TEAM = 65VN75637P;
				INFOPLIST_FILE = "smartwos-app/Info.plist";
				LD_RUNPATH_SEARCH_PATHS = (
					"$(inherited)",
					"@executable_path/Frameworks",
				);
				PRODUCT_BUNDLE_IDENTIFIER = "com.smartwos.app.smartwos-app";
				PRODUCT_NAME = "$(TARGET_NAME)";
				SWIFT_VERSION = 4.0;
				TARGETED_DEVICE_FAMILY = "1,2";
			};
			name = Release;
		};
		F5D149872127F41E0064C9BE /* Debug */ = {
			isa = XCBuildConfiguration;
			baseConfigurationReference = 19CCB3BEFC894A3ECCD2D26A /* Pods-smartwos-appTests.debug.xcconfig */;
			buildSettings = {
				ALWAYS_EMBED_SWIFT_STANDARD_LIBRARIES = YES;
				BUNDLE_LOADER = "$(TEST_HOST)";
				CODE_SIGN_STYLE = Automatic;
				DEVELOPMENT_TEAM = 65VN75637P;
				INFOPLIST_FILE = "smartwos-appTests/Info.plist";
				LD_RUNPATH_SEARCH_PATHS = (
					"$(inherited)",
					"@executable_path/Frameworks",
					"@loader_path/Frameworks",
				);
				PRODUCT_BUNDLE_IDENTIFIER = "com.smartwos.app.smartwos-appTests";
				PRODUCT_NAME = "$(TARGET_NAME)";
				SWIFT_VERSION = 4.0;
				TARGETED_DEVICE_FAMILY = "1,2";
				TEST_HOST = "$(BUILT_PRODUCTS_DIR)/smartwos-app.app/smartwos-app";
			};
			name = Debug;
		};
		F5D149882127F41E0064C9BE /* Release */ = {
			isa = XCBuildConfiguration;
			baseConfigurationReference = 721A6E2FC0013C821F6E9074 /* Pods-smartwos-appTests.release.xcconfig */;
			buildSettings = {
				ALWAYS_EMBED_SWIFT_STANDARD_LIBRARIES = YES;
				BUNDLE_LOADER = "$(TEST_HOST)";
				CODE_SIGN_STYLE = Automatic;
				DEVELOPMENT_TEAM = 65VN75637P;
				INFOPLIST_FILE = "smartwos-appTests/Info.plist";
				LD_RUNPATH_SEARCH_PATHS = (
					"$(inherited)",
					"@executable_path/Frameworks",
					"@loader_path/Frameworks",
				);
				PRODUCT_BUNDLE_IDENTIFIER = "com.smartwos.app.smartwos-appTests";
				PRODUCT_NAME = "$(TARGET_NAME)";
				SWIFT_VERSION = 4.0;
				TARGETED_DEVICE_FAMILY = "1,2";
				TEST_HOST = "$(BUILT_PRODUCTS_DIR)/smartwos-app.app/smartwos-app";
			};
			name = Release;
		};
/* End XCBuildConfiguration section */

/* Begin XCConfigurationList section */
		F5D149612127F41D0064C9BE /* Build configuration list for PBXProject "smartwos-app" */ = {
			isa = XCConfigurationList;
			buildConfigurations = (
				F5D149812127F41E0064C9BE /* Debug */,
				F5D149822127F41E0064C9BE /* Release */,
			);
			defaultConfigurationIsVisible = 0;
			defaultConfigurationName = Release;
		};
		F5D149832127F41E0064C9BE /* Build configuration list for PBXNativeTarget "smartwos-app" */ = {
			isa = XCConfigurationList;
			buildConfigurations = (
				F5D149842127F41E0064C9BE /* Debug */,
				F5D149852127F41E0064C9BE /* Release */,
			);
			defaultConfigurationIsVisible = 0;
			defaultConfigurationName = Release;
		};
		F5D149862127F41E0064C9BE /* Build configuration list for PBXNativeTarget "smartwos-appTests" */ = {
			isa = XCConfigurationList;
			buildConfigurations = (
				F5D149872127F41E0064C9BE /* Debug */,
				F5D149882127F41E0064C9BE /* Release */,
			);
			defaultConfigurationIsVisible = 0;
			defaultConfigurationName = Release;
		};
/* End XCConfigurationList section */
	};
	rootObject = F5D1495E2127F41D0064C9BE /* Project object */;
}
